
Microsoft Visual Studio Solution File, Format Version 12.00
# Visual Studio Version 16
VisualStudioVersion = 16.0.32929.386
MinimumVisualStudioVersion = 10.0.40219.1
Project("{9A19103F-16F7-4668-BE54-9A1E7A4F7556}") = "ETicaretShooping", "ETicaretShooping\ETicaretShooping.csproj", "{B6A0EFDB-12C5-4E76-B0B9-B271E2F3D9B0}"
EndProject
Project("{9A19103F-16F7-4668-BE54-9A1E7A4F7556}") = "Business", "Business\Business.csproj", "{C95B6BFB-9E4A-459B-9B3E-A129AF770CEE}"
EndProject
Project("{9A19103F-16F7-4668-BE54-9A1E7A4F7556}") = "DataAccess", "DataAccess\DataAccess.csproj", "{BFE64155-DF2F-423F-A2F2-957CFC242B33}"
EndProject
Project("{9A19103F-16F7-4668-BE54-9A1E7A4F7556}") = "Entities", "Entities\Entities.csproj", "{18E88890-259B-4943-875D-111B5B0ED6A7}"
EndProject
Project("{9A19103F-16F7-4668-BE54-9A1E7A4F7556}") = "DTO", "DTO\DTO.csproj", "{2823C928-409D-4361-9DE5-CDFA4CA528E7}"
EndProject
Global
	GlobalSection(SolutionConfigurationPlatforms) = preSolution
		Debug|Any CPU = Debug|Any CPU
		Release|Any CPU = Release|Any CPU
	EndGlobalSection
	GlobalSection(ProjectConfigurationPlatforms) = postSolution
		{B6A0EFDB-12C5-4E76-B0B9-B271E2F3D9B0}.Debug|Any CPU.ActiveCfg = Debug|Any CPU
		{B6A0EFDB-12C5-4E76-B0B9-B271E2F3D9B0}.Debug|Any CPU.Build.0 = Debug|Any CPU
		{B6A0EFDB-12C5-4E76-B0B9-B271E2F3D9B0}.Release|Any CPU.ActiveCfg = Release|Any CPU
		{B6A0EFDB-12C5-4E76-B0B9-B271E2F3D9B0}.Release|Any CPU.Build.0 = Release|Any CPU
		{C95B6BFB-9E4A-459B-9B3E-A129AF770CEE}.Debug|Any CPU.ActiveCfg = Debug|Any CPU
		{C95B6BFB-9E4A-459B-9B3E-A129AF770CEE}.Debug|Any CPU.Build.0 = Debug|Any CPU
		{C95B6BFB-9E4A-459B-9B3E-A129AF770CEE}.Release|Any CPU.ActiveCfg = Release|Any CPU
		{C95B6BFB-9E4A-459B-9B3E-A129AF770CEE}.Release|Any CPU.Build.0 = Release|Any CPU
		{BFE64155-DF2F-423F-A2F2-957CFC242B33}.Debug|Any CPU.ActiveCfg = Debug|Any CPU
		{BFE64155-DF2F-423F-A2F2-957CFC242B33}.Debug|Any CPU.Build.0 = Debug|Any CPU
		{BFE64155-DF2F-423F-A2F2-957CFC242B33}.Release|Any CPU.ActiveCfg = Release|Any CPU
		{BFE64155-DF2F-423F-A2F2-957CFC242B33}.Release|Any CPU.Build.0 = Release|Any CPU
		{18E88890-259B-4943-875D-111B5B0ED6A7}.Debug|Any CPU.ActiveCfg = Debug|Any CPU
		{18E88890-259B-4943-875D-111B5B0ED6A7}.Debug|Any CPU.Build.0 = Debug|Any CPU
		{18E88890-259B-4943-875D-111B5B0ED6A7}.Release|Any CPU.ActiveCfg = Release|Any CPU
		{18E88890-259B-4943-875D-111B5B0ED6A7}.Release|Any CPU.Build.0 = Release|Any CPU
		{2823C928-409D-4361-9DE5-CDFA4CA528E7}.Debug|Any CPU.ActiveCfg = Debug|Any CPU
		{2823C928-409D-4361-9DE5-CDFA4CA528E7}.Debug|Any CPU.Build.0 = Debug|Any CPU
		{2823C928-409D-4361-9DE5-CDFA4CA528E7}.Release|Any CPU.ActiveCfg = Release|Any CPU
		{2823C928-409D-4361-9DE5-CDFA4CA528E7}.Release|Any CPU.Build.0 = Release|Any CPU
	EndGlobalSection
	GlobalSection(SolutionProperties) = preSolution
		HideSolutionNode = FALSE
	EndGlobalSection
	GlobalSection(ExtensibilityGlobals) = postSolution
		SolutionGuid = {1AD3A98B-BE05-42DC-A980-5C975E2578FB}
	EndGlobalSection
EndGlobal
